// !$*UTF8*$!
{
	archiveVersion = 1;
	classes = {
	};
	objectVersion = 50;
	objects = {

/* Begin PBXBuildFile section */
		529A305125401E8500C69641 /* AppDelegate.swift in Sources */ = {isa = PBXBuildFile; fileRef = 529A305025401E8500C69641 /* AppDelegate.swift */; };
		529A305325401E8500C69641 /* SceneDelegate.swift in Sources */ = {isa = PBXBuildFile; fileRef = 529A305225401E8500C69641 /* SceneDelegate.swift */; };
		529A305525401E8500C69641 /* TableViewController.swift in Sources */ = {isa = PBXBuildFile; fileRef = 529A305425401E8500C69641 /* TableViewController.swift */; };
		529A305825401E8500C69641 /* Main.storyboard in Resources */ = {isa = PBXBuildFile; fileRef = 529A305625401E8500C69641 /* Main.storyboard */; };
		529A305A25401E8600C69641 /* Assets.xcassets in Resources */ = {isa = PBXBuildFile; fileRef = 529A305925401E8600C69641 /* Assets.xcassets */; };
		529A305D25401E8600C69641 /* LaunchScreen.storyboard in Resources */ = {isa = PBXBuildFile; fileRef = 529A305B25401E8600C69641 /* LaunchScreen.storyboard */; };
		529A307025402AF500C69641 /* ItemTVC.swift in Sources */ = {isa = PBXBuildFile; fileRef = 529A306F25402AF500C69641 /* ItemTVC.swift */; };
		529A307325402D3100C69641 /* Item.swift in Sources */ = {isa = PBXBuildFile; fileRef = 529A307225402D3100C69641 /* Item.swift */; };
		52F052412542A329001AC00B /* ItemDetailViewController.swift in Sources */ = {isa = PBXBuildFile; fileRef = 52F052402542A329001AC00B /* ItemDetailViewController.swift */; };
		52F052442542A964001AC00B /* ToDoList.swift in Sources */ = {isa = PBXBuildFile; fileRef = 52F052432542A964001AC00B /* ToDoList.swift */; };
/* End PBXBuildFile section */

/* Begin PBXFileReference section */
		529A304D25401E8500C69641 /* ToDoApp.app */ = {isa = PBXFileReference; explicitFileType = wrapper.application; includeInIndex = 0; path = ToDoApp.app; sourceTree = BUILT_PRODUCTS_DIR; };
		529A305025401E8500C69641 /* AppDelegate.swift */ = {isa = PBXFileReference; lastKnownFileType = sourcecode.swift; path = AppDelegate.swift; sourceTree = "<group>"; };
		529A305225401E8500C69641 /* SceneDelegate.swift */ = {isa = PBXFileReference; lastKnownFileType = sourcecode.swift; path = SceneDelegate.swift; sourceTree = "<group>"; };
		529A305425401E8500C69641 /* TableViewController.swift */ = {isa = PBXFileReference; lastKnownFileType = sourcecode.swift; path = TableViewController.swift; sourceTree = "<group>"; };
		529A305725401E8500C69641 /* Base */ = {isa = PBXFileReference; lastKnownFileType = file.storyboard; name = Base; path = Base.lproj/Main.storyboard; sourceTree = "<group>"; };
		529A305925401E8600C69641 /* Assets.xcassets */ = {isa = PBXFileReference; lastKnownFileType = folder.assetcatalog; path = Assets.xcassets; sourceTree = "<group>"; };
		529A305C25401E8600C69641 /* Base */ = {isa = PBXFileReference; lastKnownFileType = file.storyboard; name = Base; path = Base.lproj/LaunchScreen.storyboard; sourceTree = "<group>"; };
		529A305E25401E8600C69641 /* Info.plist */ = {isa = PBXFileReference; lastKnownFileType = text.plist.xml; path = Info.plist; sourceTree = "<group>"; };
		529A306F25402AF500C69641 /* ItemTVC.swift */ = {isa = PBXFileReference; lastKnownFileType = sourcecode.swift; path = ItemTVC.swift; sourceTree = "<group>"; };
		529A307225402D3100C69641 /* Item.swift */ = {isa = PBXFileReference; lastKnownFileType = sourcecode.swift; path = Item.swift; sourceTree = "<group>"; };
		52F052402542A329001AC00B /* ItemDetailViewController.swift */ = {isa = PBXFileReference; lastKnownFileType = sourcecode.swift; path = ItemDetailViewController.swift; sourceTree = "<group>"; };
		52F052432542A964001AC00B /* ToDoList.swift */ = {isa = PBXFileReference; lastKnownFileType = sourcecode.swift; path = ToDoList.swift; sourceTree = "<group>"; };
/* End PBXFileReference section */

/* Begin PBXFrameworksBuildPhase section */
		529A304A25401E8500C69641 /* Frameworks */ = {
			isa = PBXFrameworksBuildPhase;
			buildActionMask = 2147483647;
			files = (
			);
			runOnlyForDeploymentPostprocessing = 0;
		};
/* End PBXFrameworksBuildPhase section */

/* Begin PBXGroup section */
		526CBBB42543EEC7000E3A6F /* Model */ = {
			isa = PBXGroup;
			children = (
				529A307225402D3100C69641 /* Item.swift */,
				52F052432542A964001AC00B /* ToDoList.swift */,
			);
			path = Model;
			sourceTree = "<group>";
		};
		526CBBB62543EF54000E3A6F /* View */ = {
			isa = PBXGroup;
			children = (
				529A305625401E8500C69641 /* Main.storyboard */,
			);
			path = View;
			sourceTree = "<group>";
		};
		526CBBB72543EF65000E3A6F /* Controller */ = {
			isa = PBXGroup;
			children = (
				529A305425401E8500C69641 /* TableViewController.swift */,
				529A306F25402AF500C69641 /* ItemTVC.swift */,
				52F052402542A329001AC00B /* ItemDetailViewController.swift */,
			);
			path = Controller;
			sourceTree = "<group>";
		};
		526CBBB92543EF78000E3A6F /* Source */ = {
			isa = PBXGroup;
			children = (
				529A305025401E8500C69641 /* AppDelegate.swift */,
				529A305225401E8500C69641 /* SceneDelegate.swift */,
				529A305925401E8600C69641 /* Assets.xcassets */,
				529A305B25401E8600C69641 /* LaunchScreen.storyboard */,
			);
			path = Source;
			sourceTree = "<group>";
		};
		529A304425401E8500C69641 = {
			isa = PBXGroup;
			children = (
				529A304F25401E8500C69641 /* ToDoApp */,
				529A304E25401E8500C69641 /* Products */,
			);
			sourceTree = "<group>";
		};
		529A304E25401E8500C69641 /* Products */ = {
			isa = PBXGroup;
			children = (
				529A304D25401E8500C69641 /* ToDoApp.app */,
			);
			name = Products;
			sourceTree = "<group>";
		};
		529A304F25401E8500C69641 /* ToDoApp */ = {
			isa = PBXGroup;
			children = (
				529A305E25401E8600C69641 /* Info.plist */,
				526CBBB92543EF78000E3A6F /* Source */,
				526CBBB62543EF54000E3A6F /* View */,
				526CBBB42543EEC7000E3A6F /* Model */,
				526CBBB72543EF65000E3A6F /* Controller */,
			);
			path = ToDoApp;
			sourceTree = "<group>";
		};
/* End PBXGroup section */

/* Begin PBXNativeTarget section */
		529A304C25401E8500C69641 /* ToDoApp */ = {
			isa = PBXNativeTarget;
			buildConfigurationList = 529A306125401E8600C69641 /* Build configuration list for PBXNativeTarget "ToDoApp" */;
			buildPhases = (
				529A304925401E8500C69641 /* Sources */,
				529A304A25401E8500C69641 /* Frameworks */,
				529A304B25401E8500C69641 /* Resources */,
			);
			buildRules = (
			);
			dependencies = (
			);
			name = ToDoApp;
			productName = ToDoApp;
			productReference = 529A304D25401E8500C69641 /* ToDoApp.app */;
			productType = "com.apple.product-type.application";
		};
/* End PBXNativeTarget section */

/* Begin PBXProject section */
		529A304525401E8500C69641 /* Project object */ = {
			isa = PBXProject;
			attributes = {
				LastSwiftUpdateCheck = 1200;
				LastUpgradeCheck = 1200;
				TargetAttributes = {
					529A304C25401E8500C69641 = {
						CreatedOnToolsVersion = 12.0.1;
					};
				};
			};
			buildConfigurationList = 529A304825401E8500C69641 /* Build configuration list for PBXProject "ToDoApp" */;
			compatibilityVersion = "Xcode 9.3";
			developmentRegion = en;
			hasScannedForEncodings = 0;
			knownRegions = (
				en,
				Base,
			);
			mainGroup = 529A304425401E8500C69641;
			productRefGroup = 529A304E25401E8500C69641 /* Products */;
			projectDirPath = "";
			projectRoot = "";
			targets = (
				529A304C25401E8500C69641 /* ToDoApp */,
			);
		};
/* End PBXProject section */

/* Begin PBXResourcesBuildPhase section */
		529A304B25401E8500C69641 /* Resources */ = {
			isa = PBXResourcesBuildPhase;
			buildActionMask = 2147483647;
			files = (
				529A305D25401E8600C69641 /* LaunchScreen.storyboard in Resources */,
				529A305A25401E8600C69641 /* Assets.xcassets in Resources */,
				529A305825401E8500C69641 /* Main.storyboard in Resources */,
			);
			runOnlyForDeploymentPostprocessing = 0;
		};
/* End PBXResourcesBuildPhase section */

/* Begin PBXSourcesBuildPhase section */
		529A304925401E8500C69641 /* Sources */ = {
			isa = PBXSourcesBuildPhase;
			buildActionMask = 2147483647;
			files = (
				529A307325402D3100C69641 /* Item.swift in Sources */,
				529A307025402AF500C69641 /* ItemTVC.swift in Sources */,
				529A305525401E8500C69641 /* TableViewController.swift in Sources */,
				52F052442542A964001AC00B /* ToDoList.swift in Sources */,
				529A305125401E8500C69641 /* AppDelegate.swift in Sources */,
				529A305325401E8500C69641 /* SceneDelegate.swift in Sources */,
				52F052412542A329001AC00B /* ItemDetailViewController.swift in Sources */,
			);
			runOnlyForDeploymentPostprocessing = 0;
		};
/* End PBXSourcesBuildPhase section */

/* Begin PBXVariantGroup section */
		529A305625401E8500C69641 /* Main.storyboard */ = {
			isa = PBXVariantGroup;
			children = (
				529A305725401E8500C69641 /* Base */,
			);
			name = Main.storyboard;
			sourceTree = "<group>";
		};
		529A305B25401E8600C69641 /* LaunchScreen.storyboard */ = {
			isa = PBXVariantGroup;
			children = (
				529A305C25401E8600C69641 /* Base */,
			);
			name = LaunchScreen.storyboard;
			sourceTree = "<group>";
		};
/* End PBXVariantGroup section */

/* Begin XCBuildConfiguration section */
		529A305F25401E8600C69641 /* Debug */ = {
			isa = XCBuildConfiguration;
			buildSettings = {
				ALWAYS_SEARCH_USER_PATHS = NO;
				CLANG_ANALYZER_NONNULL = YES;
				CLANG_ANALYZER_NUMBER_OBJECT_CONVERSION = YES_AGGRESSIVE;
				CLANG_CXX_LANGUAGE_STANDARD = "gnu++14";
				CLANG_CXX_LIBRARY = "libc++";
				CLANG_ENABLE_MODULES = YES;
				CLANG_ENABLE_OBJC_ARC = YES;
				CLANG_ENABLE_OBJC_WEAK = YES;
				CLANG_WARN_BLOCK_CAPTURE_AUTORELEASING = YES;
				CLANG_WARN_BOOL_CONVERSION = YES;
				CLANG_WARN_COMMA = YES;
				CLANG_WARN_CONSTANT_CONVERSION = YES;
				CLANG_WARN_DEPRECATED_OBJC_IMPLEMENTATIONS = YES;
				CLANG_WARN_DIRECT_OBJC_ISA_USAGE = YES_ERROR;
				CLANG_WARN_DOCUMENTATION_COMMENTS = YES;
				CLANG_WARN_EMPTY_BODY = YES;
				CLANG_WARN_ENUM_CONVERSION = YES;
				CLANG_WARN_INFINITE_RECURSION = YES;
				CLANG_WARN_INT_CONVERSION = YES;
				CLANG_WARN_NON_LITERAL_NULL_CONVERSION = YES;
				CLANG_WARN_OBJC_IMPLICIT_RETAIN_SELF = YES;
				CLANG_WARN_OBJC_LITERAL_CONVERSION = YES;
				CLANG_WARN_OBJC_ROOT_CLASS = YES_ERROR;
				CLANG_WARN_QUOTED_INCLUDE_IN_FRAMEWORK_HEADER = YES;
				CLANG_WARN_RANGE_LOOP_ANALYSIS = YES;
				CLANG_WARN_STRICT_PROTOTYPES = YES;
				CLANG_WARN_SUSPICIOUS_MOVE = YES;
				CLANG_WARN_UNGUARDED_AVAILABILITY = YES_AGGRESSIVE;
				CLANG_WARN_UNREACHABLE_CODE = YES;
				CLANG_WARN__DUPLICATE_METHOD_MATCH = YES;
				COPY_PHASE_STRIP = NO;
				DEBUG_INFORMATION_FORMAT = dwarf;
				ENABLE_STRICT_OBJC_MSGSEND = YES;
				ENABLE_TESTABILITY = YES;
				GCC_C_LANGUAGE_STANDARD = gnu11;
				GCC_DYNAMIC_NO_PIC = NO;
				GCC_NO_COMMON_BLOCKS = YES;
				GCC_OPTIMIZATION_LEVEL = 0;
				GCC_PREPROCESSOR_DEFINITIONS = (
					"DEBUG=1",
					"$(inherited)",
				);
				GCC_WARN_64_TO_32_BIT_CONVERSION = YES;
				GCC_WARN_ABOUT_RETURN_TYPE = YES_ERROR;
				GCC_WARN_UNDECLARED_SELECTOR = YES;
				GCC_WARN_UNINITIALIZED_AUTOS = YES_AGGRESSIVE;
				GCC_WARN_UNUSED_FUNCTION = YES;
				GCC_WARN_UNUSED_VARIABLE = YES;
				IPHONEOS_DEPLOYMENT_TARGET = 14.0;
				MTL_ENABLE_DEBUG_INFO = INCLUDE_SOURCE;
				MTL_FAST_MATH = YES;
				ONLY_ACTIVE_ARCH = YES;
				SDKROOT = iphoneos;
				SWIFT_ACTIVE_COMPILATION_CONDITIONS = DEBUG;
				SWIFT_OPTIMIZATION_LEVEL = "-Onone";
			};
			name = Debug;
		};
		529A306025401E8600C69641 /* Release */ = {
			isa = XCBuildConfiguration;
			buildSettings = {
				ALWAYS_SEARCH_USER_PATHS = NO;
				CLANG_ANALYZER_NONNULL = YES;
				CLANG_ANALYZER_NUMBER_OBJECT_CONVERSION = YES_AGGRESSIVE;
				CLANG_CXX_LANGUAGE_STANDARD = "gnu++14";
				CLANG_CXX_LIBRARY = "libc++";
				CLANG_ENABLE_MODULES = YES;
				CLANG_ENABLE_OBJC_ARC = YES;
				CLANG_ENABLE_OBJC_WEAK = YES;
				CLANG_WARN_BLOCK_CAPTURE_AUTORELEASING = YES;
				CLANG_WARN_BOOL_CONVERSION = YES;
				CLANG_WARN_COMMA = YES;
				CLANG_WARN_CONSTANT_CONVERSION = YES;
				CLANG_WARN_DEPRECATED_OBJC_IMPLEMENTATIONS = YES;
				CLANG_WARN_DIRECT_OBJC_ISA_USAGE = YES_ERROR;
				CLANG_WARN_DOCUMENTATION_COMMENTS = YES;
				CLANG_WARN_EMPTY_BODY = YES;
				CLANG_WARN_ENUM_CONVERSION = YES;
				CLANG_WARN_INFINITE_RECURSION = YES;
				CLANG_WARN_INT_CONVERSION = YES;
				CLANG_WARN_NON_LITERAL_NULL_CONVERSION = YES;
				CLANG_WARN_OBJC_IMPLICIT_RETAIN_SELF = YES;
				CLANG_WARN_OBJC_LITERAL_CONVERSION = YES;
				CLANG_WARN_OBJC_ROOT_CLASS = YES_ERROR;
				CLANG_WARN_QUOTED_INCLUDE_IN_FRAMEWORK_HEADER = YES;
				CLANG_WARN_RANGE_LOOP_ANALYSIS = YES;
				CLANG_WARN_STRICT_PROTOTYPES = YES;
				CLANG_WARN_SUSPICIOUS_MOVE = YES;
				CLANG_WARN_UNGUARDED_AVAILABILITY = YES_AGGRESSIVE;
				CLANG_WARN_UNREACHABLE_CODE = YES;
				CLANG_WARN__DUPLICATE_METHOD_MATCH = YES;
				COPY_PHASE_STRIP = NO;
				DEBUG_INFORMATION_FORMAT = "dwarf-with-dsym";
				ENABLE_NS_ASSERTIONS = NO;
				ENABLE_STRICT_OBJC_MSGSEND = YES;
				GCC_C_LANGUAGE_STANDARD = gnu11;
				GCC_NO_COMMON_BLOCKS = YES;
				GCC_WARN_64_TO_32_BIT_CONVERSION = YES;
				GCC_WARN_ABOUT_RETURN_TYPE = YES_ERROR;
				GCC_WARN_UNDECLARED_SELECTOR = YES;
				GCC_WARN_UNINITIALIZED_AUTOS = YES_AGGRESSIVE;
				GCC_WARN_UNUSED_FUNCTION = YES;
				GCC_WARN_UNUSED_VARIABLE = YES;
				IPHONEOS_DEPLOYMENT_TARGET = 14.0;
				MTL_ENABLE_DEBUG_INFO = NO;
				MTL_FAST_MATH = YES;
				SDKROOT = iphoneos;
				SWIFT_COMPILATION_MODE = wholemodule;
				SWIFT_OPTIMIZATION_LEVEL = "-O";
				VALIDATE_PRODUCT = YES;
			};
			name = Release;
		};
		529A306225401E8600C69641 /* Debug */ = {
			isa = XCBuildConfiguration;
			buildSettings = {
				ASSETCATALOG_COMPILER_APPICON_NAME = AppIcon;
				ASSETCATALOG_COMPILER_GLOBAL_ACCENT_COLOR_NAME = AccentColor;
				CODE_SIGN_STYLE = Automatic;
				INFOPLIST_FILE = ToDoApp/Info.plist;
				IPHONEOS_DEPLOYMENT_TARGET = 13.0;
				LD_RUNPATH_SEARCH_PATHS = (
					"$(inherited)",
					"@executable_path/Frameworks",
				);
				PRODUCT_BUNDLE_IDENTIFIER = com.tami.ToDoApp;
				PRODUCT_NAME = "$(TARGET_NAME)";
				SWIFT_VERSION = 5.0;
				TARGETED_DEVICE_FAMILY = "1,2";
			};
			name = Debug;
		};
		529A306325401E8600C69641 /* Release */ = {
			isa = XCBuildConfiguration;
			buildSettings = {
				ASSETCATALOG_COMPILER_APPICON_NAME = AppIcon;
				ASSETCATALOG_COMPILER_GLOBAL_ACCENT_COLOR_NAME = AccentColor;
				CODE_SIGN_STYLE = Automatic;
				INFOPLIST_FILE = ToDoApp/Info.plist;
				IPHONEOS_DEPLOYMENT_TARGET = 13.0;
				LD_RUNPATH_SEARCH_PATHS = (
					"$(inherited)",
					"@executable_path/Frameworks",
				);
				PRODUCT_BUNDLE_IDENTIFIER = com.tami.ToDoApp;
				PRODUCT_NAME = "$(TARGET_NAME)";
				SWIFT_VERSION = 5.0;
				TARGETED_DEVICE_FAMILY = "1,2";
			};
			name = Release;
		};
/* End XCBuildConfiguration section */

/* Begin XCConfigurationList section */
		529A304825401E8500C69641 /* Build configuration list for PBXProject "ToDoApp" */ = {
			isa = XCConfigurationList;
			buildConfigurations = (
				529A305F25401E8600C69641 /* Debug */,
				529A306025401E8600C69641 /* Release */,
			);
			defaultConfigurationIsVisible = 0;
			defaultConfigurationName = Release;
		};
		529A306125401E8600C69641 /* Build configuration list for PBXNativeTarget "ToDoApp" */ = {
			isa = XCConfigurationList;
			buildConfigurations = (
				529A306225401E8600C69641 /* Debug */,
				529A306325401E8600C69641 /* Release */,
			);
			defaultConfigurationIsVisible = 0;
			defaultConfigurationName = Release;
		};
/* End XCConfigurationList section */
	};
	rootObject = 529A304525401E8500C69641 /* Project object */;
}
